
Microsoft Visual Studio Solution File, Format Version 12.00
# Visual Studio Version 17
VisualStudioVersion = 17.5.002.0
MinimumVisualStudioVersion = 10.0.40219.1
Project("{9A19103F-16F7-4668-BE54-9A1E7A4F7556}") = "sitem", "sitem.csproj", "{0D0615ED-D5EB-4943-91D7-6C1BE5A042B0}"
EndProject
Global
	GlobalSection(SolutionConfigurationPlatforms) = preSolution
		Debug|Any CPU = Debug|Any CPU
		Release|Any CPU = Release|Any CPU
	EndGlobalSection
	GlobalSection(ProjectConfigurationPlatforms) = postSolution
		{0D0615ED-D5EB-4943-91D7-6C1BE5A042B0}.Debug|Any CPU.ActiveCfg = Debug|Any CPU
		{0D0615ED-D5EB-4943-91D7-6C1BE5A042B0}.Debug|Any CPU.Build.0 = Debug|Any CPU
		{0D0615ED-D5EB-4943-91D7-6C1BE5A042B0}.Release|Any CPU.ActiveCfg = Release|Any CPU
		{0D0615ED-D5EB-4943-91D7-6C1BE5A042B0}.Release|Any CPU.Build.0 = Release|Any CPU
	EndGlobalSection
	GlobalSection(SolutionProperties) = preSolution
		HideSolutionNode = FALSE
	EndGlobalSection
	GlobalSection(ExtensibilityGlobals) = postSolution
		SolutionGuid = {318BDD41-28B2-4AA3-8C09-8881B590B578}
	EndGlobalSection
EndGlobal
